// !$*UTF8*$!
{
	archiveVersion = 1;
	classes = {
	};
	objectVersion = 50;
	objects = {

/* Begin PBXBuildFile section */
		4CB45AAC9AC61D61AFF2BA36 /* Pods_DouughUsers.framework in Frameworks */ = {isa = PBXBuildFile; fileRef = 5E12916DF1909AD8975EB852 /* Pods_DouughUsers.framework */; };
		538BCA065A3FC4BEF9BAB241 /* Pods_DouughUsersTests.framework in Frameworks */ = {isa = PBXBuildFile; fileRef = 37AA093674FEA2D748E4D84C /* Pods_DouughUsersTests.framework */; };
		8A60C3AF21F5DF5600CEF6B3 /* AppDelegate.swift in Sources */ = {isa = PBXBuildFile; fileRef = 8A60C3AE21F5DF5600CEF6B3 /* AppDelegate.swift */; };
		8A60C3B621F5DF5700CEF6B3 /* Assets.xcassets in Resources */ = {isa = PBXBuildFile; fileRef = 8A60C3B521F5DF5700CEF6B3 /* Assets.xcassets */; };
		8A60C3B921F5DF5700CEF6B3 /* LaunchScreen.storyboard in Resources */ = {isa = PBXBuildFile; fileRef = 8A60C3B721F5DF5700CEF6B3 /* LaunchScreen.storyboard */; };
		8A60C3CF21F5DF5700CEF6B3 /* DouughUsersUITests.swift in Sources */ = {isa = PBXBuildFile; fileRef = 8A60C3CE21F5DF5700CEF6B3 /* DouughUsersUITests.swift */; };
		8A60C3DE21F5DF9300CEF6B3 /* DURequestData.swift in Sources */ = {isa = PBXBuildFile; fileRef = 8A60C3DD21F5DF9300CEF6B3 /* DURequestData.swift */; };
		8A60C3E021F5DFC200CEF6B3 /* DUHttpClient.swift in Sources */ = {isa = PBXBuildFile; fileRef = 8A60C3DF21F5DFC200CEF6B3 /* DUHttpClient.swift */; };
		8A60C3E321F5E01A00CEF6B3 /* DUHttpClientTests.swift in Sources */ = {isa = PBXBuildFile; fileRef = 8A60C3E221F5E01A00CEF6B3 /* DUHttpClientTests.swift */; };
		8A60C3E621F5E05E00CEF6B3 /* MockupCodableURLSession.swift in Sources */ = {isa = PBXBuildFile; fileRef = 8A60C3E521F5E05E00CEF6B3 /* MockupCodableURLSession.swift */; };
		8A60C3E821F5E0D500CEF6B3 /* DUApiService.swift in Sources */ = {isa = PBXBuildFile; fileRef = 8A60C3E721F5E0D500CEF6B3 /* DUApiService.swift */; };
		8A60C3EB21F5E13300CEF6B3 /* User.swift in Sources */ = {isa = PBXBuildFile; fileRef = 8A60C3EA21F5E13300CEF6B3 /* User.swift */; };
		8A60C3EF21F5E38A00CEF6B3 /* DUApiServiceTests.swift in Sources */ = {isa = PBXBuildFile; fileRef = 8A60C3EE21F5E38A00CEF6B3 /* DUApiServiceTests.swift */; };
		8A60C3F121F5E3EC00CEF6B3 /* MockupHttpClient.swift in Sources */ = {isa = PBXBuildFile; fileRef = 8A60C3F021F5E3EC00CEF6B3 /* MockupHttpClient.swift */; };
		8A60C3F421F5E63C00CEF6B3 /* users.json in Resources */ = {isa = PBXBuildFile; fileRef = 8A60C3F321F5E63C00CEF6B3 /* users.json */; };
		8A60C3F721F5E7AF00CEF6B3 /* DUUsersViewModel.swift in Sources */ = {isa = PBXBuildFile; fileRef = 8A60C3F621F5E7AF00CEF6B3 /* DUUsersViewModel.swift */; };
		8A60C3F921F5E80300CEF6B3 /* Strings.swift in Sources */ = {isa = PBXBuildFile; fileRef = 8A60C3F821F5E80300CEF6B3 /* Strings.swift */; };
		8A60C3FB21F5E8A200CEF6B3 /* DUUserCellViewModel.swift in Sources */ = {isa = PBXBuildFile; fileRef = 8A60C3FA21F5E8A200CEF6B3 /* DUUserCellViewModel.swift */; };
		8A60C3FE21F5E95800CEF6B3 /* DUUsersViewModelTests.swift in Sources */ = {isa = PBXBuildFile; fileRef = 8A60C3FD21F5E95800CEF6B3 /* DUUsersViewModelTests.swift */; };
		8A60C40021F5E9A200CEF6B3 /* MockApiService.swift in Sources */ = {isa = PBXBuildFile; fileRef = 8A60C3FF21F5E9A200CEF6B3 /* MockApiService.swift */; };
		8A60C40421F5ECE300CEF6B3 /* DUUsersViewController.swift in Sources */ = {isa = PBXBuildFile; fileRef = 8A60C40321F5ECE300CEF6B3 /* DUUsersViewController.swift */; };
		8A60C40921F5EE0F00CEF6B3 /* DUUserTableViewCell.swift in Sources */ = {isa = PBXBuildFile; fileRef = 8A60C40821F5EE0F00CEF6B3 /* DUUserTableViewCell.swift */; };
		8A60C40C21F5EF8A00CEF6B3 /* DUUserCellViewModelTests.swift in Sources */ = {isa = PBXBuildFile; fileRef = 8A60C40B21F5EF8A00CEF6B3 /* DUUserCellViewModelTests.swift */; };
		8A60C40F21F5F01C00CEF6B3 /* DUUsersViewControllerTests.swift in Sources */ = {isa = PBXBuildFile; fileRef = 8A60C40E21F5F01C00CEF6B3 /* DUUsersViewControllerTests.swift */; };
		8A60C41121F5F4EE00CEF6B3 /* DUUserDetailsViewModel.swift in Sources */ = {isa = PBXBuildFile; fileRef = 8A60C41021F5F4EE00CEF6B3 /* DUUserDetailsViewModel.swift */; };
		8A60C41321F5F5B500CEF6B3 /* DUUserDetailsViewController.swift in Sources */ = {isa = PBXBuildFile; fileRef = 8A60C41221F5F5B500CEF6B3 /* DUUserDetailsViewController.swift */; };
		8A60C41521F6A3C900CEF6B3 /* DUUserDetailsViewControllerTests.swift in Sources */ = {isa = PBXBuildFile; fileRef = 8A60C41421F6A3C900CEF6B3 /* DUUserDetailsViewControllerTests.swift */; };
		8A60C41721F6AB9E00CEF6B3 /* DUSortUsersHeaderView.swift in Sources */ = {isa = PBXBuildFile; fileRef = 8A60C41621F6AB9E00CEF6B3 /* DUSortUsersHeaderView.swift */; };
		8A60C41A21F6DF5D00CEF6B3 /* UserTests.swift in Sources */ = {isa = PBXBuildFile; fileRef = 8A60C41921F6DF5D00CEF6B3 /* UserTests.swift */; };
		CAD78B65CD3C22407ABB0E4D /* Pods_DouughUsersUITests.framework in Frameworks */ = {isa = PBXBuildFile; fileRef = 434640B74208B5F33BB18FA5 /* Pods_DouughUsersUITests.framework */; };
/* End PBXBuildFile section */

/* Begin PBXContainerItemProxy section */
		8A60C3C021F5DF5700CEF6B3 /* PBXContainerItemProxy */ = {
			isa = PBXContainerItemProxy;
			containerPortal = 8A60C3A321F5DF5600CEF6B3 /* Project object */;
			proxyType = 1;
			remoteGlobalIDString = 8A60C3AA21F5DF5600CEF6B3;
			remoteInfo = DouughUsers;
		};
		8A60C3CB21F5DF5700CEF6B3 /* PBXContainerItemProxy */ = {
			isa = PBXContainerItemProxy;
			containerPortal = 8A60C3A321F5DF5600CEF6B3 /* Project object */;
			proxyType = 1;
			remoteGlobalIDString = 8A60C3AA21F5DF5600CEF6B3;
			remoteInfo = DouughUsers;
		};
/* End PBXContainerItemProxy section */

/* Begin PBXFileReference section */
		111A2341C3A164DE72175170 /* Pods-DouughUsersTests.release.xcconfig */ = {isa = PBXFileReference; includeInIndex = 1; lastKnownFileType = text.xcconfig; name = "Pods-DouughUsersTests.release.xcconfig"; path = "Pods/Target Support Files/Pods-DouughUsersTests/Pods-DouughUsersTests.release.xcconfig"; sourceTree = "<group>"; };
		1A20875F5CBEB386043CA45A /* Pods-DouughUsersTests.debug.xcconfig */ = {isa = PBXFileReference; includeInIndex = 1; lastKnownFileType = text.xcconfig; name = "Pods-DouughUsersTests.debug.xcconfig"; path = "Pods/Target Support Files/Pods-DouughUsersTests/Pods-DouughUsersTests.debug.xcconfig"; sourceTree = "<group>"; };
		1BA2DC22C61B43E1A530B5E9 /* Pods-DouughUsers.debug.xcconfig */ = {isa = PBXFileReference; includeInIndex = 1; lastKnownFileType = text.xcconfig; name = "Pods-DouughUsers.debug.xcconfig"; path = "Pods/Target Support Files/Pods-DouughUsers/Pods-DouughUsers.debug.xcconfig"; sourceTree = "<group>"; };
		214BC2E6359AC07582831B96 /* Pods-DouughUsersUITests.release.xcconfig */ = {isa = PBXFileReference; includeInIndex = 1; lastKnownFileType = text.xcconfig; name = "Pods-DouughUsersUITests.release.xcconfig"; path = "Pods/Target Support Files/Pods-DouughUsersUITests/Pods-DouughUsersUITests.release.xcconfig"; sourceTree = "<group>"; };
		37AA093674FEA2D748E4D84C /* Pods_DouughUsersTests.framework */ = {isa = PBXFileReference; explicitFileType = wrapper.framework; includeInIndex = 0; path = Pods_DouughUsersTests.framework; sourceTree = BUILT_PRODUCTS_DIR; };
		393F50457B355E3B61439DBB /* Pods-DouughUsers.release.xcconfig */ = {isa = PBXFileReference; includeInIndex = 1; lastKnownFileType = text.xcconfig; name = "Pods-DouughUsers.release.xcconfig"; path = "Pods/Target Support Files/Pods-DouughUsers/Pods-DouughUsers.release.xcconfig"; sourceTree = "<group>"; };
		434640B74208B5F33BB18FA5 /* Pods_DouughUsersUITests.framework */ = {isa = PBXFileReference; explicitFileType = wrapper.framework; includeInIndex = 0; path = Pods_DouughUsersUITests.framework; sourceTree = BUILT_PRODUCTS_DIR; };
		5E12916DF1909AD8975EB852 /* Pods_DouughUsers.framework */ = {isa = PBXFileReference; explicitFileType = wrapper.framework; includeInIndex = 0; path = Pods_DouughUsers.framework; sourceTree = BUILT_PRODUCTS_DIR; };
		75DA9A23A939A9BD42F17F57 /* Pods-DouughUsersUITests.debug.xcconfig */ = {isa = PBXFileReference; includeInIndex = 1; lastKnownFileType = text.xcconfig; name = "Pods-DouughUsersUITests.debug.xcconfig"; path = "Pods/Target Support Files/Pods-DouughUsersUITests/Pods-DouughUsersUITests.debug.xcconfig"; sourceTree = "<group>"; };
		8A60C3AB21F5DF5600CEF6B3 /* DouughUsers.app */ = {isa = PBXFileReference; explicitFileType = wrapper.application; includeInIndex = 0; path = DouughUsers.app; sourceTree = BUILT_PRODUCTS_DIR; };
		8A60C3AE21F5DF5600CEF6B3 /* AppDelegate.swift */ = {isa = PBXFileReference; lastKnownFileType = sourcecode.swift; path = AppDelegate.swift; sourceTree = "<group>"; };
		8A60C3B521F5DF5700CEF6B3 /* Assets.xcassets */ = {isa = PBXFileReference; lastKnownFileType = folder.assetcatalog; path = Assets.xcassets; sourceTree = "<group>"; };
		8A60C3B821F5DF5700CEF6B3 /* Base */ = {isa = PBXFileReference; lastKnownFileType = file.storyboard; name = Base; path = Base.lproj/LaunchScreen.storyboard; sourceTree = "<group>"; };
		8A60C3BA21F5DF5700CEF6B3 /* Info.plist */ = {isa = PBXFileReference; lastKnownFileType = text.plist.xml; path = Info.plist; sourceTree = "<group>"; };
		8A60C3BF21F5DF5700CEF6B3 /* DouughUsersTests.xctest */ = {isa = PBXFileReference; explicitFileType = wrapper.cfbundle; includeInIndex = 0; path = DouughUsersTests.xctest; sourceTree = BUILT_PRODUCTS_DIR; };
		8A60C3C521F5DF5700CEF6B3 /* Info.plist */ = {isa = PBXFileReference; lastKnownFileType = text.plist.xml; path = Info.plist; sourceTree = "<group>"; };
		8A60C3CA21F5DF5700CEF6B3 /* DouughUsersUITests.xctest */ = {isa = PBXFileReference; explicitFileType = wrapper.cfbundle; includeInIndex = 0; path = DouughUsersUITests.xctest; sourceTree = BUILT_PRODUCTS_DIR; };
		8A60C3CE21F5DF5700CEF6B3 /* DouughUsersUITests.swift */ = {isa = PBXFileReference; lastKnownFileType = sourcecode.swift; path = DouughUsersUITests.swift; sourceTree = "<group>"; };
		8A60C3D021F5DF5700CEF6B3 /* Info.plist */ = {isa = PBXFileReference; lastKnownFileType = text.plist.xml; path = Info.plist; sourceTree = "<group>"; };
		8A60C3DD21F5DF9300CEF6B3 /* DURequestData.swift */ = {isa = PBXFileReference; lastKnownFileType = sourcecode.swift; path = DURequestData.swift; sourceTree = "<group>"; };
		8A60C3DF21F5DFC200CEF6B3 /* DUHttpClient.swift */ = {isa = PBXFileReference; lastKnownFileType = sourcecode.swift; path = DUHttpClient.swift; sourceTree = "<group>"; };
		8A60C3E221F5E01A00CEF6B3 /* DUHttpClientTests.swift */ = {isa = PBXFileReference; lastKnownFileType = sourcecode.swift; path = DUHttpClientTests.swift; sourceTree = "<group>"; };
		8A60C3E521F5E05E00CEF6B3 /* MockupCodableURLSession.swift */ = {isa = PBXFileReference; lastKnownFileType = sourcecode.swift; path = MockupCodableURLSession.swift; sourceTree = "<group>"; };
		8A60C3E721F5E0D500CEF6B3 /* DUApiService.swift */ = {isa = PBXFileReference; lastKnownFileType = sourcecode.swift; path = DUApiService.swift; sourceTree = "<group>"; };
		8A60C3EA21F5E13300CEF6B3 /* User.swift */ = {isa = PBXFileReference; lastKnownFileType = sourcecode.swift; path = User.swift; sourceTree = "<group>"; };
		8A60C3EE21F5E38A00CEF6B3 /* DUApiServiceTests.swift */ = {isa = PBXFileReference; lastKnownFileType = sourcecode.swift; path = DUApiServiceTests.swift; sourceTree = "<group>"; };
		8A60C3F021F5E3EC00CEF6B3 /* MockupHttpClient.swift */ = {isa = PBXFileReference; lastKnownFileType = sourcecode.swift; path = MockupHttpClient.swift; sourceTree = "<group>"; };
		8A60C3F321F5E63C00CEF6B3 /* users.json */ = {isa = PBXFileReference; lastKnownFileType = text.json; path = users.json; sourceTree = "<group>"; };
		8A60C3F621F5E7AF00CEF6B3 /* DUUsersViewModel.swift */ = {isa = PBXFileReference; lastKnownFileType = sourcecode.swift; path = DUUsersViewModel.swift; sourceTree = "<group>"; };
		8A60C3F821F5E80300CEF6B3 /* Strings.swift */ = {isa = PBXFileReference; lastKnownFileType = sourcecode.swift; path = Strings.swift; sourceTree = "<group>"; };
		8A60C3FA21F5E8A200CEF6B3 /* DUUserCellViewModel.swift */ = {isa = PBXFileReference; lastKnownFileType = sourcecode.swift; path = DUUserCellViewModel.swift; sourceTree = "<group>"; };
		8A60C3FD21F5E95800CEF6B3 /* DUUsersViewModelTests.swift */ = {isa = PBXFileReference; lastKnownFileType = sourcecode.swift; path = DUUsersViewModelTests.swift; sourceTree = "<group>"; };
		8A60C3FF21F5E9A200CEF6B3 /* MockApiService.swift */ = {isa = PBXFileReference; lastKnownFileType = sourcecode.swift; path = MockApiService.swift; sourceTree = "<group>"; };
		8A60C40321F5ECE300CEF6B3 /* DUUsersViewController.swift */ = {isa = PBXFileReference; lastKnownFileType = sourcecode.swift; path = DUUsersViewController.swift; sourceTree = "<group>"; };
		8A60C40821F5EE0F00CEF6B3 /* DUUserTableViewCell.swift */ = {isa = PBXFileReference; lastKnownFileType = sourcecode.swift; path = DUUserTableViewCell.swift; sourceTree = "<group>"; };
		8A60C40B21F5EF8A00CEF6B3 /* DUUserCellViewModelTests.swift */ = {isa = PBXFileReference; lastKnownFileType = sourcecode.swift; path = DUUserCellViewModelTests.swift; sourceTree = "<group>"; };
		8A60C40E21F5F01C00CEF6B3 /* DUUsersViewControllerTests.swift */ = {isa = PBXFileReference; lastKnownFileType = sourcecode.swift; path = DUUsersViewControllerTests.swift; sourceTree = "<group>"; };
		8A60C41021F5F4EE00CEF6B3 /* DUUserDetailsViewModel.swift */ = {isa = PBXFileReference; lastKnownFileType = sourcecode.swift; path = DUUserDetailsViewModel.swift; sourceTree = "<group>"; };
		8A60C41221F5F5B500CEF6B3 /* DUUserDetailsViewController.swift */ = {isa = PBXFileReference; lastKnownFileType = sourcecode.swift; path = DUUserDetailsViewController.swift; sourceTree = "<group>"; };
		8A60C41421F6A3C900CEF6B3 /* DUUserDetailsViewControllerTests.swift */ = {isa = PBXFileReference; lastKnownFileType = sourcecode.swift; path = DUUserDetailsViewControllerTests.swift; sourceTree = "<group>"; };
		8A60C41621F6AB9E00CEF6B3 /* DUSortUsersHeaderView.swift */ = {isa = PBXFileReference; lastKnownFileType = sourcecode.swift; path = DUSortUsersHeaderView.swift; sourceTree = "<group>"; };
		8A60C41921F6DF5D00CEF6B3 /* UserTests.swift */ = {isa = PBXFileReference; lastKnownFileType = sourcecode.swift; path = UserTests.swift; sourceTree = "<group>"; };
/* End PBXFileReference section */

/* Begin PBXFrameworksBuildPhase section */
		8A60C3A821F5DF5600CEF6B3 /* Frameworks */ = {
			isa = PBXFrameworksBuildPhase;
			buildActionMask = 2147483647;
			files = (
				4CB45AAC9AC61D61AFF2BA36 /* Pods_DouughUsers.framework in Frameworks */,
			);
			runOnlyForDeploymentPostprocessing = 0;
		};
		8A60C3BC21F5DF5700CEF6B3 /* Frameworks */ = {
			isa = PBXFrameworksBuildPhase;
			buildActionMask = 2147483647;
			files = (
				538BCA065A3FC4BEF9BAB241 /* Pods_DouughUsersTests.framework in Frameworks */,
			);
			runOnlyForDeploymentPostprocessing = 0;
		};
		8A60C3C721F5DF5700CEF6B3 /* Frameworks */ = {
			isa = PBXFrameworksBuildPhase;
			buildActionMask = 2147483647;
			files = (
				CAD78B65CD3C22407ABB0E4D /* Pods_DouughUsersUITests.framework in Frameworks */,
			);
			runOnlyForDeploymentPostprocessing = 0;
		};
/* End PBXFrameworksBuildPhase section */

/* Begin PBXGroup section */
		18351DCFA47DD3A27F7646E1 /* Frameworks */ = {
			isa = PBXGroup;
			children = (
				5E12916DF1909AD8975EB852 /* Pods_DouughUsers.framework */,
				37AA093674FEA2D748E4D84C /* Pods_DouughUsersTests.framework */,
				434640B74208B5F33BB18FA5 /* Pods_DouughUsersUITests.framework */,
			);
			name = Frameworks;
			sourceTree = "<group>";
		};
		8A60C3A221F5DF5600CEF6B3 = {
			isa = PBXGroup;
			children = (
				8A60C3AD21F5DF5600CEF6B3 /* DouughUsers */,
				8A60C3C221F5DF5700CEF6B3 /* DouughUsersTests */,
				8A60C3CD21F5DF5700CEF6B3 /* DouughUsersUITests */,
				8A60C3AC21F5DF5600CEF6B3 /* Products */,
				D0B05C684C234978DCB11A47 /* Pods */,
				18351DCFA47DD3A27F7646E1 /* Frameworks */,
			);
			sourceTree = "<group>";
		};
		8A60C3AC21F5DF5600CEF6B3 /* Products */ = {
			isa = PBXGroup;
			children = (
				8A60C3AB21F5DF5600CEF6B3 /* DouughUsers.app */,
				8A60C3BF21F5DF5700CEF6B3 /* DouughUsersTests.xctest */,
				8A60C3CA21F5DF5700CEF6B3 /* DouughUsersUITests.xctest */,
			);
			name = Products;
			sourceTree = "<group>";
		};
		8A60C3AD21F5DF5600CEF6B3 /* DouughUsers */ = {
			isa = PBXGroup;
			children = (
				8A60C3AE21F5DF5600CEF6B3 /* AppDelegate.swift */,
				8A60C3B521F5DF5700CEF6B3 /* Assets.xcassets */,
				8A60C3B721F5DF5700CEF6B3 /* LaunchScreen.storyboard */,
				8A60C3BA21F5DF5700CEF6B3 /* Info.plist */,
				8A60C3F821F5E80300CEF6B3 /* Strings.swift */,
				8A60C40521F5ED9B00CEF6B3 /* Extensions */,
				8A60C3DC21F5DF7A00CEF6B3 /* Networking */,
				8A60C3E921F5E12500CEF6B3 /* Models */,
				8A60C3F521F5E78700CEF6B3 /* ViewModels */,
				8A60C40121F5EC0B00CEF6B3 /* Views */,
			);
			path = DouughUsers;
			sourceTree = "<group>";
		};
		8A60C3C221F5DF5700CEF6B3 /* DouughUsersTests */ = {
			isa = PBXGroup;
			children = (
				8A60C3E421F5E04600CEF6B3 /* Mocks */,
				8A60C41821F6DF4100CEF6B3 /* Models */,
				8A60C3E121F5DFFB00CEF6B3 /* Networking */,
				8A60C3FC21F5E92300CEF6B3 /* ViewModels */,
				8A60C40D21F5EFF800CEF6B3 /* Views */,
				8A60C3C521F5DF5700CEF6B3 /* Info.plist */,
			);
			path = DouughUsersTests;
			sourceTree = "<group>";
		};
		8A60C3CD21F5DF5700CEF6B3 /* DouughUsersUITests */ = {
			isa = PBXGroup;
			children = (
				8A60C3CE21F5DF5700CEF6B3 /* DouughUsersUITests.swift */,
				8A60C3D021F5DF5700CEF6B3 /* Info.plist */,
			);
			path = DouughUsersUITests;
			sourceTree = "<group>";
		};
		8A60C3DC21F5DF7A00CEF6B3 /* Networking */ = {
			isa = PBXGroup;
			children = (
				8A60C3DD21F5DF9300CEF6B3 /* DURequestData.swift */,
				8A60C3DF21F5DFC200CEF6B3 /* DUHttpClient.swift */,
				8A60C3E721F5E0D500CEF6B3 /* DUApiService.swift */,
			);
			path = Networking;
			sourceTree = "<group>";
		};
		8A60C3E121F5DFFB00CEF6B3 /* Networking */ = {
			isa = PBXGroup;
			children = (
				8A60C3E221F5E01A00CEF6B3 /* DUHttpClientTests.swift */,
				8A60C3EE21F5E38A00CEF6B3 /* DUApiServiceTests.swift */,
			);
			path = Networking;
			sourceTree = "<group>";
		};
		8A60C3E421F5E04600CEF6B3 /* Mocks */ = {
			isa = PBXGroup;
			children = (
				8A60C3F221F5E62500CEF6B3 /* TestContent */,
				8A60C3E521F5E05E00CEF6B3 /* MockupCodableURLSession.swift */,
				8A60C3F021F5E3EC00CEF6B3 /* MockupHttpClient.swift */,
				8A60C3FF21F5E9A200CEF6B3 /* MockApiService.swift */,
			);
			path = Mocks;
			sourceTree = "<group>";
		};
		8A60C3E921F5E12500CEF6B3 /* Models */ = {
			isa = PBXGroup;
			children = (
				8A60C3EA21F5E13300CEF6B3 /* User.swift */,
			);
			path = Models;
			sourceTree = "<group>";
		};
		8A60C3F221F5E62500CEF6B3 /* TestContent */ = {
			isa = PBXGroup;
			children = (
				8A60C3F321F5E63C00CEF6B3 /* users.json */,
			);
			path = TestContent;
			sourceTree = "<group>";
		};
		8A60C3F521F5E78700CEF6B3 /* ViewModels */ = {
			isa = PBXGroup;
			children = (
				8A60C3F621F5E7AF00CEF6B3 /* DUUsersViewModel.swift */,
				8A60C3FA21F5E8A200CEF6B3 /* DUUserCellViewModel.swift */,
				8A60C41021F5F4EE00CEF6B3 /* DUUserDetailsViewModel.swift */,
			);
			path = ViewModels;
			sourceTree = "<group>";
		};
		8A60C3FC21F5E92300CEF6B3 /* ViewModels */ = {
			isa = PBXGroup;
			children = (
				8A60C3FD21F5E95800CEF6B3 /* DUUsersViewModelTests.swift */,
				8A60C40B21F5EF8A00CEF6B3 /* DUUserCellViewModelTests.swift */,
			);
			path = ViewModels;
			sourceTree = "<group>";
		};
		8A60C40121F5EC0B00CEF6B3 /* Views */ = {
			isa = PBXGroup;
			children = (
				8A60C40A21F5EE3200CEF6B3 /* Cells */,
				8A60C40321F5ECE300CEF6B3 /* DUUsersViewController.swift */,
				8A60C41221F5F5B500CEF6B3 /* DUUserDetailsViewController.swift */,
			);
			path = Views;
			sourceTree = "<group>";
		};
		8A60C40521F5ED9B00CEF6B3 /* Extensions */ = {
			isa = PBXGroup;
			children = (
			);
			path = Extensions;
			sourceTree = "<group>";
		};
		8A60C40A21F5EE3200CEF6B3 /* Cells */ = {
			isa = PBXGroup;
			children = (
				8A60C40821F5EE0F00CEF6B3 /* DUUserTableViewCell.swift */,
				8A60C41621F6AB9E00CEF6B3 /* DUSortUsersHeaderView.swift */,
			);
			path = Cells;
			sourceTree = "<group>";
		};
		8A60C40D21F5EFF800CEF6B3 /* Views */ = {
			isa = PBXGroup;
			children = (
				8A60C40E21F5F01C00CEF6B3 /* DUUsersViewControllerTests.swift */,
				8A60C41421F6A3C900CEF6B3 /* DUUserDetailsViewControllerTests.swift */,
			);
			path = Views;
			sourceTree = "<group>";
		};
		8A60C41821F6DF4100CEF6B3 /* Models */ = {
			isa = PBXGroup;
			children = (
				8A60C41921F6DF5D00CEF6B3 /* UserTests.swift */,
			);
			path = Models;
			sourceTree = "<group>";
		};
		D0B05C684C234978DCB11A47 /* Pods */ = {
			isa = PBXGroup;
			children = (
				1BA2DC22C61B43E1A530B5E9 /* Pods-DouughUsers.debug.xcconfig */,
				393F50457B355E3B61439DBB /* Pods-DouughUsers.release.xcconfig */,
				1A20875F5CBEB386043CA45A /* Pods-DouughUsersTests.debug.xcconfig */,
				111A2341C3A164DE72175170 /* Pods-DouughUsersTests.release.xcconfig */,
				75DA9A23A939A9BD42F17F57 /* Pods-DouughUsersUITests.debug.xcconfig */,
				214BC2E6359AC07582831B96 /* Pods-DouughUsersUITests.release.xcconfig */,
			);
			name = Pods;
			sourceTree = "<group>";
		};
/* End PBXGroup section */

/* Begin PBXNativeTarget section */
		8A60C3AA21F5DF5600CEF6B3 /* DouughUsers */ = {
			isa = PBXNativeTarget;
			buildConfigurationList = 8A60C3D321F5DF5700CEF6B3 /* Build configuration list for PBXNativeTarget "DouughUsers" */;
			buildPhases = (
				0210CFE01CA053CA9DCBC135 /* [CP] Check Pods Manifest.lock */,
				8A60C3A721F5DF5600CEF6B3 /* Sources */,
				8A60C3A821F5DF5600CEF6B3 /* Frameworks */,
				8A60C3A921F5DF5600CEF6B3 /* Resources */,
				F70B32A1FE7BAC869E7795B4 /* [CP] Embed Pods Frameworks */,
			);
			buildRules = (
			);
			dependencies = (
			);
			name = DouughUsers;
			productName = DouughUsers;
			productReference = 8A60C3AB21F5DF5600CEF6B3 /* DouughUsers.app */;
			productType = "com.apple.product-type.application";
		};
		8A60C3BE21F5DF5700CEF6B3 /* DouughUsersTests */ = {
			isa = PBXNativeTarget;
			buildConfigurationList = 8A60C3D621F5DF5700CEF6B3 /* Build configuration list for PBXNativeTarget "DouughUsersTests" */;
			buildPhases = (
				98D80C30716491FCFF23BC1F /* [CP] Check Pods Manifest.lock */,
				8A60C3BB21F5DF5700CEF6B3 /* Sources */,
				8A60C3BC21F5DF5700CEF6B3 /* Frameworks */,
				8A60C3BD21F5DF5700CEF6B3 /* Resources */,
			);
			buildRules = (
			);
			dependencies = (
				8A60C3C121F5DF5700CEF6B3 /* PBXTargetDependency */,
			);
			name = DouughUsersTests;
			productName = DouughUsersTests;
			productReference = 8A60C3BF21F5DF5700CEF6B3 /* DouughUsersTests.xctest */;
			productType = "com.apple.product-type.bundle.unit-test";
		};
		8A60C3C921F5DF5700CEF6B3 /* DouughUsersUITests */ = {
			isa = PBXNativeTarget;
			buildConfigurationList = 8A60C3D921F5DF5700CEF6B3 /* Build configuration list for PBXNativeTarget "DouughUsersUITests" */;
			buildPhases = (
				A73712A7B594DCBE1B808329 /* [CP] Check Pods Manifest.lock */,
				8A60C3C621F5DF5700CEF6B3 /* Sources */,
				8A60C3C721F5DF5700CEF6B3 /* Frameworks */,
				8A60C3C821F5DF5700CEF6B3 /* Resources */,
			);
			buildRules = (
			);
			dependencies = (
				8A60C3CC21F5DF5700CEF6B3 /* PBXTargetDependency */,
			);
			name = DouughUsersUITests;
			productName = DouughUsersUITests;
			productReference = 8A60C3CA21F5DF5700CEF6B3 /* DouughUsersUITests.xctest */;
			productType = "com.apple.product-type.bundle.ui-testing";
		};
/* End PBXNativeTarget section */

/* Begin PBXProject section */
		8A60C3A321F5DF5600CEF6B3 /* Project object */ = {
			isa = PBXProject;
			attributes = {
				LastSwiftUpdateCheck = 1010;
				LastUpgradeCheck = 1010;
				ORGANIZATIONNAME = "Andrew Yohanna";
				TargetAttributes = {
					8A60C3AA21F5DF5600CEF6B3 = {
						CreatedOnToolsVersion = 10.1;
					};
					8A60C3BE21F5DF5700CEF6B3 = {
						CreatedOnToolsVersion = 10.1;
						LastSwiftMigration = 1010;
						TestTargetID = 8A60C3AA21F5DF5600CEF6B3;
					};
					8A60C3C921F5DF5700CEF6B3 = {
						CreatedOnToolsVersion = 10.1;
						TestTargetID = 8A60C3AA21F5DF5600CEF6B3;
					};
				};
			};
			buildConfigurationList = 8A60C3A621F5DF5600CEF6B3 /* Build configuration list for PBXProject "DouughUsers" */;
			compatibilityVersion = "Xcode 9.3";
			developmentRegion = en;
			hasScannedForEncodings = 0;
			knownRegions = (
				en,
				Base,
			);
			mainGroup = 8A60C3A221F5DF5600CEF6B3;
			productRefGroup = 8A60C3AC21F5DF5600CEF6B3 /* Products */;
			projectDirPath = "";
			projectRoot = "";
			targets = (
				8A60C3AA21F5DF5600CEF6B3 /* DouughUsers */,
				8A60C3BE21F5DF5700CEF6B3 /* DouughUsersTests */,
				8A60C3C921F5DF5700CEF6B3 /* DouughUsersUITests */,
			);
		};
/* End PBXProject section */

/* Begin PBXResourcesBuildPhase section */
		8A60C3A921F5DF5600CEF6B3 /* Resources */ = {
			isa = PBXResourcesBuildPhase;
			buildActionMask = 2147483647;
			files = (
				8A60C3B921F5DF5700CEF6B3 /* LaunchScreen.storyboard in Resources */,
				8A60C3B621F5DF5700CEF6B3 /* Assets.xcassets in Resources */,
			);
			runOnlyForDeploymentPostprocessing = 0;
		};
		8A60C3BD21F5DF5700CEF6B3 /* Resources */ = {
			isa = PBXResourcesBuildPhase;
			buildActionMask = 2147483647;
			files = (
				8A60C3F421F5E63C00CEF6B3 /* users.json in Resources */,
			);
			runOnlyForDeploymentPostprocessing = 0;
		};
		8A60C3C821F5DF5700CEF6B3 /* Resources */ = {
			isa = PBXResourcesBuildPhase;
			buildActionMask = 2147483647;
			files = (
			);
			runOnlyForDeploymentPostprocessing = 0;
		};
/* End PBXResourcesBuildPhase section */

/* Begin PBXShellScriptBuildPhase section */
		0210CFE01CA053CA9DCBC135 /* [CP] Check Pods Manifest.lock */ = {
			isa = PBXShellScriptBuildPhase;
			buildActionMask = 2147483647;
			files = (
			);
			inputFileListPaths = (
			);
			inputPaths = (
				"${PODS_PODFILE_DIR_PATH}/Podfile.lock",
				"${PODS_ROOT}/Manifest.lock",
			);
			name = "[CP] Check Pods Manifest.lock";
			outputFileListPaths = (
			);
			outputPaths = (
				"$(DERIVED_FILE_DIR)/Pods-DouughUsers-checkManifestLockResult.txt",
			);
			runOnlyForDeploymentPostprocessing = 0;
			shellPath = /bin/sh;
			shellScript = "diff \"${PODS_PODFILE_DIR_PATH}/Podfile.lock\" \"${PODS_ROOT}/Manifest.lock\" > /dev/null\nif [ $? != 0 ] ; then\n    # print error to STDERR\n    echo \"error: The sandbox is not in sync with the Podfile.lock. Run 'pod install' or update your CocoaPods installation.\" >&2\n    exit 1\nfi\n# This output is used by Xcode 'outputs' to avoid re-running this script phase.\necho \"SUCCESS\" > \"${SCRIPT_OUTPUT_FILE_0}\"\n";
			showEnvVarsInLog = 0;
		};
		98D80C30716491FCFF23BC1F /* [CP] Check Pods Manifest.lock */ = {
			isa = PBXShellScriptBuildPhase;
			buildActionMask = 2147483647;
			files = (
			);
			inputFileListPaths = (
			);
			inputPaths = (
				"${PODS_PODFILE_DIR_PATH}/Podfile.lock",
				"${PODS_ROOT}/Manifest.lock",
			);
			name = "[CP] Check Pods Manifest.lock";
			outputFileListPaths = (
			);
			outputPaths = (
				"$(DERIVED_FILE_DIR)/Pods-DouughUsersTests-checkManifestLockResult.txt",
			);
			runOnlyForDeploymentPostprocessing = 0;
			shellPath = /bin/sh;
			shellScript = "diff \"${PODS_PODFILE_DIR_PATH}/Podfile.lock\" \"${PODS_ROOT}/Manifest.lock\" > /dev/null\nif [ $? != 0 ] ; then\n    # print error to STDERR\n    echo \"error: The sandbox is not in sync with the Podfile.lock. Run 'pod install' or update your CocoaPods installation.\" >&2\n    exit 1\nfi\n# This output is used by Xcode 'outputs' to avoid re-running this script phase.\necho \"SUCCESS\" > \"${SCRIPT_OUTPUT_FILE_0}\"\n";
			showEnvVarsInLog = 0;
		};
		A73712A7B594DCBE1B808329 /* [CP] Check Pods Manifest.lock */ = {
			isa = PBXShellScriptBuildPhase;
			buildActionMask = 2147483647;
			files = (
			);
			inputFileListPaths = (
			);
			inputPaths = (
				"${PODS_PODFILE_DIR_PATH}/Podfile.lock",
				"${PODS_ROOT}/Manifest.lock",
			);
			name = "[CP] Check Pods Manifest.lock";
			outputFileListPaths = (
			);
			outputPaths = (
				"$(DERIVED_FILE_DIR)/Pods-DouughUsersUITests-checkManifestLockResult.txt",
			);
			runOnlyForDeploymentPostprocessing = 0;
			shellPath = /bin/sh;
			shellScript = "diff \"${PODS_PODFILE_DIR_PATH}/Podfile.lock\" \"${PODS_ROOT}/Manifest.lock\" > /dev/null\nif [ $? != 0 ] ; then\n    # print error to STDERR\n    echo \"error: The sandbox is not in sync with the Podfile.lock. Run 'pod install' or update your CocoaPods installation.\" >&2\n    exit 1\nfi\n# This output is used by Xcode 'outputs' to avoid re-running this script phase.\necho \"SUCCESS\" > \"${SCRIPT_OUTPUT_FILE_0}\"\n";
			showEnvVarsInLog = 0;
		};
		F70B32A1FE7BAC869E7795B4 /* [CP] Embed Pods Frameworks */ = {
			isa = PBXShellScriptBuildPhase;
			buildActionMask = 2147483647;
			files = (
			);
			inputFileListPaths = (
			);
			inputPaths = (
				"${SRCROOT}/Pods/Target Support Files/Pods-DouughUsers/Pods-DouughUsers-frameworks.sh",
				"${BUILT_PRODUCTS_DIR}/SnapKit/SnapKit.framework",
			);
			name = "[CP] Embed Pods Frameworks";
			outputFileListPaths = (
			);
			outputPaths = (
				"${TARGET_BUILD_DIR}/${FRAMEWORKS_FOLDER_PATH}/SnapKit.framework",
			);
			runOnlyForDeploymentPostprocessing = 0;
			shellPath = /bin/sh;
			shellScript = "\"${SRCROOT}/Pods/Target Support Files/Pods-DouughUsers/Pods-DouughUsers-frameworks.sh\"\n";
			showEnvVarsInLog = 0;
		};
/* End PBXShellScriptBuildPhase section */

/* Begin PBXSourcesBuildPhase section */
		8A60C3A721F5DF5600CEF6B3 /* Sources */ = {
			isa = PBXSourcesBuildPhase;
			buildActionMask = 2147483647;
			files = (
				8A60C3FB21F5E8A200CEF6B3 /* DUUserCellViewModel.swift in Sources */,
				8A60C3E021F5DFC200CEF6B3 /* DUHttpClient.swift in Sources */,
				8A60C3E821F5E0D500CEF6B3 /* DUApiService.swift in Sources */,
				8A60C40921F5EE0F00CEF6B3 /* DUUserTableViewCell.swift in Sources */,
				8A60C3F721F5E7AF00CEF6B3 /* DUUsersViewModel.swift in Sources */,
				8A60C41321F5F5B500CEF6B3 /* DUUserDetailsViewController.swift in Sources */,
				8A60C41121F5F4EE00CEF6B3 /* DUUserDetailsViewModel.swift in Sources */,
				8A60C3DE21F5DF9300CEF6B3 /* DURequestData.swift in Sources */,
				8A60C41721F6AB9E00CEF6B3 /* DUSortUsersHeaderView.swift in Sources */,
				8A60C3EB21F5E13300CEF6B3 /* User.swift in Sources */,
				8A60C3AF21F5DF5600CEF6B3 /* AppDelegate.swift in Sources */,
				8A60C3F921F5E80300CEF6B3 /* Strings.swift in Sources */,
				8A60C40421F5ECE300CEF6B3 /* DUUsersViewController.swift in Sources */,
			);
			runOnlyForDeploymentPostprocessing = 0;
		};
		8A60C3BB21F5DF5700CEF6B3 /* Sources */ = {
			isa = PBXSourcesBuildPhase;
			buildActionMask = 2147483647;
			files = (
				8A60C40F21F5F01C00CEF6B3 /* DUUsersViewControllerTests.swift in Sources */,
				8A60C40021F5E9A200CEF6B3 /* MockApiService.swift in Sources */,
				8A60C41A21F6DF5D00CEF6B3 /* UserTests.swift in Sources */,
				8A60C3E621F5E05E00CEF6B3 /* MockupCodableURLSession.swift in Sources */,
				8A60C41521F6A3C900CEF6B3 /* DUUserDetailsViewControllerTests.swift in Sources */,
				8A60C40C21F5EF8A00CEF6B3 /* DUUserCellViewModelTests.swift in Sources */,
				8A60C3E321F5E01A00CEF6B3 /* DUHttpClientTests.swift in Sources */,
				8A60C3FE21F5E95800CEF6B3 /* DUUsersViewModelTests.swift in Sources */,
				8A60C3EF21F5E38A00CEF6B3 /* DUApiServiceTests.swift in Sources */,
				8A60C3F121F5E3EC00CEF6B3 /* MockupHttpClient.swift in Sources */,
			);
			runOnlyForDeploymentPostprocessing = 0;
		};
		8A60C3C621F5DF5700CEF6B3 /* Sources */ = {
			isa = PBXSourcesBuildPhase;
			buildActionMask = 2147483647;
			files = (
				8A60C3CF21F5DF5700CEF6B3 /* DouughUsersUITests.swift in Sources */,
			);
			runOnlyForDeploymentPostprocessing = 0;
		};
/* End PBXSourcesBuildPhase section */

/* Begin PBXTargetDependency section */
		8A60C3C121F5DF5700CEF6B3 /* PBXTargetDependency */ = {
			isa = PBXTargetDependency;
			target = 8A60C3AA21F5DF5600CEF6B3 /* DouughUsers */;
			targetProxy = 8A60C3C021F5DF5700CEF6B3 /* PBXContainerItemProxy */;
		};
		8A60C3CC21F5DF5700CEF6B3 /* PBXTargetDependency */ = {
			isa = PBXTargetDependency;
			target = 8A60C3AA21F5DF5600CEF6B3 /* DouughUsers */;
			targetProxy = 8A60C3CB21F5DF5700CEF6B3 /* PBXContainerItemProxy */;
		};
/* End PBXTargetDependency section */

/* Begin PBXVariantGroup section */
		8A60C3B721F5DF5700CEF6B3 /* LaunchScreen.storyboard */ = {
			isa = PBXVariantGroup;
			children = (
				8A60C3B821F5DF5700CEF6B3 /* Base */,
			);
			name = LaunchScreen.storyboard;
			sourceTree = "<group>";
		};
/* End PBXVariantGroup section */

/* Begin XCBuildConfiguration section */
		8A60C3D121F5DF5700CEF6B3 /* Debug */ = {
			isa = XCBuildConfiguration;
			buildSettings = {
				ALWAYS_SEARCH_USER_PATHS = NO;
				CLANG_ANALYZER_NONNULL = YES;
				CLANG_ANALYZER_NUMBER_OBJECT_CONVERSION = YES_AGGRESSIVE;
				CLANG_CXX_LANGUAGE_STANDARD = "gnu++14";
				CLANG_CXX_LIBRARY = "libc++";
				CLANG_ENABLE_MODULES = YES;
				CLANG_ENABLE_OBJC_ARC = YES;
				CLANG_ENABLE_OBJC_WEAK = YES;
				CLANG_WARN_BLOCK_CAPTURE_AUTORELEASING = YES;
				CLANG_WARN_BOOL_CONVERSION = YES;
				CLANG_WARN_COMMA = YES;
				CLANG_WARN_CONSTANT_CONVERSION = YES;
				CLANG_WARN_DEPRECATED_OBJC_IMPLEMENTATIONS = YES;
				CLANG_WARN_DIRECT_OBJC_ISA_USAGE = YES_ERROR;
				CLANG_WARN_DOCUMENTATION_COMMENTS = YES;
				CLANG_WARN_EMPTY_BODY = YES;
				CLANG_WARN_ENUM_CONVERSION = YES;
				CLANG_WARN_INFINITE_RECURSION = YES;
				CLANG_WARN_INT_CONVERSION = YES;
				CLANG_WARN_NON_LITERAL_NULL_CONVERSION = YES;
				CLANG_WARN_OBJC_IMPLICIT_RETAIN_SELF = YES;
				CLANG_WARN_OBJC_LITERAL_CONVERSION = YES;
				CLANG_WARN_OBJC_ROOT_CLASS = YES_ERROR;
				CLANG_WARN_RANGE_LOOP_ANALYSIS = YES;
				CLANG_WARN_STRICT_PROTOTYPES = YES;
				CLANG_WARN_SUSPICIOUS_MOVE = YES;
				CLANG_WARN_UNGUARDED_AVAILABILITY = YES_AGGRESSIVE;
				CLANG_WARN_UNREACHABLE_CODE = YES;
				CLANG_WARN__DUPLICATE_METHOD_MATCH = YES;
				CODE_SIGN_IDENTITY = "iPhone Developer";
				COPY_PHASE_STRIP = NO;
				DEBUG_INFORMATION_FORMAT = dwarf;
				ENABLE_STRICT_OBJC_MSGSEND = YES;
				ENABLE_TESTABILITY = YES;
				GCC_C_LANGUAGE_STANDARD = gnu11;
				GCC_DYNAMIC_NO_PIC = NO;
				GCC_NO_COMMON_BLOCKS = YES;
				GCC_OPTIMIZATION_LEVEL = 0;
				GCC_PREPROCESSOR_DEFINITIONS = (
					"DEBUG=1",
					"$(inherited)",
				);
				GCC_WARN_64_TO_32_BIT_CONVERSION = YES;
				GCC_WARN_ABOUT_RETURN_TYPE = YES_ERROR;
				GCC_WARN_UNDECLARED_SELECTOR = YES;
				GCC_WARN_UNINITIALIZED_AUTOS = YES_AGGRESSIVE;
				GCC_WARN_UNUSED_FUNCTION = YES;
				GCC_WARN_UNUSED_VARIABLE = YES;
				IPHONEOS_DEPLOYMENT_TARGET = 12.1;
				MTL_ENABLE_DEBUG_INFO = INCLUDE_SOURCE;
				MTL_FAST_MATH = YES;
				ONLY_ACTIVE_ARCH = YES;
				SDKROOT = iphoneos;
				SWIFT_ACTIVE_COMPILATION_CONDITIONS = DEBUG;
				SWIFT_OPTIMIZATION_LEVEL = "-Onone";
			};
			name = Debug;
		};
		8A60C3D221F5DF5700CEF6B3 /* Release */ = {
			isa = XCBuildConfiguration;
			buildSettings = {
				ALWAYS_SEARCH_USER_PATHS = NO;
				CLANG_ANALYZER_NONNULL = YES;
				CLANG_ANALYZER_NUMBER_OBJECT_CONVERSION = YES_AGGRESSIVE;
				CLANG_CXX_LANGUAGE_STANDARD = "gnu++14";
				CLANG_CXX_LIBRARY = "libc++";
				CLANG_ENABLE_MODULES = YES;
				CLANG_ENABLE_OBJC_ARC = YES;
				CLANG_ENABLE_OBJC_WEAK = YES;
				CLANG_WARN_BLOCK_CAPTURE_AUTORELEASING = YES;
				CLANG_WARN_BOOL_CONVERSION = YES;
				CLANG_WARN_COMMA = YES;
				CLANG_WARN_CONSTANT_CONVERSION = YES;
				CLANG_WARN_DEPRECATED_OBJC_IMPLEMENTATIONS = YES;
				CLANG_WARN_DIRECT_OBJC_ISA_USAGE = YES_ERROR;
				CLANG_WARN_DOCUMENTATION_COMMENTS = YES;
				CLANG_WARN_EMPTY_BODY = YES;
				CLANG_WARN_ENUM_CONVERSION = YES;
				CLANG_WARN_INFINITE_RECURSION = YES;
				CLANG_WARN_INT_CONVERSION = YES;
				CLANG_WARN_NON_LITERAL_NULL_CONVERSION = YES;
				CLANG_WARN_OBJC_IMPLICIT_RETAIN_SELF = YES;
				CLANG_WARN_OBJC_LITERAL_CONVERSION = YES;
				CLANG_WARN_OBJC_ROOT_CLASS = YES_ERROR;
				CLANG_WARN_RANGE_LOOP_ANALYSIS = YES;
				CLANG_WARN_STRICT_PROTOTYPES = YES;
				CLANG_WARN_SUSPICIOUS_MOVE = YES;
				CLANG_WARN_UNGUARDED_AVAILABILITY = YES_AGGRESSIVE;
				CLANG_WARN_UNREACHABLE_CODE = YES;
				CLANG_WARN__DUPLICATE_METHOD_MATCH = YES;
				CODE_SIGN_IDENTITY = "iPhone Developer";
				COPY_PHASE_STRIP = NO;
				DEBUG_INFORMATION_FORMAT = "dwarf-with-dsym";
				ENABLE_NS_ASSERTIONS = NO;
				ENABLE_STRICT_OBJC_MSGSEND = YES;
				GCC_C_LANGUAGE_STANDARD = gnu11;
				GCC_NO_COMMON_BLOCKS = YES;
				GCC_WARN_64_TO_32_BIT_CONVERSION = YES;
				GCC_WARN_ABOUT_RETURN_TYPE = YES_ERROR;
				GCC_WARN_UNDECLARED_SELECTOR = YES;
				GCC_WARN_UNINITIALIZED_AUTOS = YES_AGGRESSIVE;
				GCC_WARN_UNUSED_FUNCTION = YES;
				GCC_WARN_UNUSED_VARIABLE = YES;
				IPHONEOS_DEPLOYMENT_TARGET = 12.1;
				MTL_ENABLE_DEBUG_INFO = NO;
				MTL_FAST_MATH = YES;
				SDKROOT = iphoneos;
				SWIFT_COMPILATION_MODE = wholemodule;
				SWIFT_OPTIMIZATION_LEVEL = "-O";
				VALIDATE_PRODUCT = YES;
			};
			name = Release;
		};
		8A60C3D421F5DF5700CEF6B3 /* Debug */ = {
			isa = XCBuildConfiguration;
			baseConfigurationReference = 1BA2DC22C61B43E1A530B5E9 /* Pods-DouughUsers.debug.xcconfig */;
			buildSettings = {
				ASSETCATALOG_COMPILER_APPICON_NAME = AppIcon;
				CODE_SIGN_STYLE = Automatic;
				INFOPLIST_FILE = DouughUsers/Info.plist;
				LD_RUNPATH_SEARCH_PATHS = (
					"$(inherited)",
					"@executable_path/Frameworks",
				);
				PRODUCT_BUNDLE_IDENTIFIER = com.douugh.DouughUsers;
				PRODUCT_NAME = "$(TARGET_NAME)";
				SWIFT_VERSION = 4.2;
				TARGETED_DEVICE_FAMILY = "1,2";
			};
			name = Debug;
		};
		8A60C3D521F5DF5700CEF6B3 /* Release */ = {
			isa = XCBuildConfiguration;
			baseConfigurationReference = 393F50457B355E3B61439DBB /* Pods-DouughUsers.release.xcconfig */;
			buildSettings = {
				ASSETCATALOG_COMPILER_APPICON_NAME = AppIcon;
				CODE_SIGN_STYLE = Automatic;
				INFOPLIST_FILE = DouughUsers/Info.plist;
				LD_RUNPATH_SEARCH_PATHS = (
					"$(inherited)",
					"@executable_path/Frameworks",
				);
				PRODUCT_BUNDLE_IDENTIFIER = com.douugh.DouughUsers;
				PRODUCT_NAME = "$(TARGET_NAME)";
				SWIFT_VERSION = 4.2;
				TARGETED_DEVICE_FAMILY = "1,2";
			};
			name = Release;
		};
		8A60C3D721F5DF5700CEF6B3 /* Debug */ = {
			isa = XCBuildConfiguration;
			baseConfigurationReference = 1A20875F5CBEB386043CA45A /* Pods-DouughUsersTests.debug.xcconfig */;
			buildSettings = {
				ALWAYS_EMBED_SWIFT_STANDARD_LIBRARIES = YES;
				BUNDLE_LOADER = "$(TEST_HOST)";
				CLANG_ENABLE_MODULES = YES;
				CODE_SIGN_STYLE = Automatic;
				INFOPLIST_FILE = DouughUsersTests/Info.plist;
				LD_RUNPATH_SEARCH_PATHS = (
					"$(inherited)",
					"@executable_path/Frameworks",
					"@loader_path/Frameworks",
				);
				PRODUCT_BUNDLE_IDENTIFIER = com.douugh.DouughUsersTests;
				PRODUCT_NAME = "$(TARGET_NAME)";
				SWIFT_OPTIMIZATION_LEVEL = "-Onone";
				SWIFT_VERSION = 4.2;
				TARGETED_DEVICE_FAMILY = "1,2";
				TEST_HOST = "$(BUILT_PRODUCTS_DIR)/DouughUsers.app/DouughUsers";
			};
			name = Debug;
		};
		8A60C3D821F5DF5700CEF6B3 /* Release */ = {
			isa = XCBuildConfiguration;
			baseConfigurationReference = 111A2341C3A164DE72175170 /* Pods-DouughUsersTests.release.xcconfig */;
			buildSettings = {
				ALWAYS_EMBED_SWIFT_STANDARD_LIBRARIES = YES;
				BUNDLE_LOADER = "$(TEST_HOST)";
				CLANG_ENABLE_MODULES = YES;
				CODE_SIGN_STYLE = Automatic;
				INFOPLIST_FILE = DouughUsersTests/Info.plist;
				LD_RUNPATH_SEARCH_PATHS = (
					"$(inherited)",
					"@executable_path/Frameworks",
					"@loader_path/Frameworks",
				);
				PRODUCT_BUNDLE_IDENTIFIER = com.douugh.DouughUsersTests;
				PRODUCT_NAME = "$(TARGET_NAME)";
				SWIFT_VERSION = 4.2;
				TARGETED_DEVICE_FAMILY = "1,2";
				TEST_HOST = "$(BUILT_PRODUCTS_DIR)/DouughUsers.app/DouughUsers";
			};
			name = Release;
		};
		8A60C3DA21F5DF5700CEF6B3 /* Debug */ = {
			isa = XCBuildConfiguration;
			baseConfigurationReference = 75DA9A23A939A9BD42F17F57 /* Pods-DouughUsersUITests.debug.xcconfig */;
			buildSettings = {
				ALWAYS_EMBED_SWIFT_STANDARD_LIBRARIES = YES;
				CODE_SIGN_STYLE = Automatic;
				INFOPLIST_FILE = DouughUsersUITests/Info.plist;
				LD_RUNPATH_SEARCH_PATHS = (
					"$(inherited)",
					"@executable_path/Frameworks",
					"@loader_path/Frameworks",
				);
				PRODUCT_BUNDLE_IDENTIFIER = com.douugh.DouughUsersUITests;
				PRODUCT_NAME = "$(TARGET_NAME)";
				SWIFT_VERSION = 4.2;
				TARGETED_DEVICE_FAMILY = "1,2";
				TEST_TARGET_NAME = DouughUsers;
			};
			name = Debug;
		};
		8A60C3DB21F5DF5700CEF6B3 /* Release */ = {
			isa = XCBuildConfiguration;
			baseConfigurationReference = 214BC2E6359AC07582831B96 /* Pods-DouughUsersUITests.release.xcconfig */;
			buildSettings = {
				ALWAYS_EMBED_SWIFT_STANDARD_LIBRARIES = YES;
				CODE_SIGN_STYLE = Automatic;
				INFOPLIST_FILE = DouughUsersUITests/Info.plist;
				LD_RUNPATH_SEARCH_PATHS = (
					"$(inherited)",
					"@executable_path/Frameworks",
					"@loader_path/Frameworks",
				);
				PRODUCT_BUNDLE_IDENTIFIER = com.douugh.DouughUsersUITests;
				PRODUCT_NAME = "$(TARGET_NAME)";
				SWIFT_VERSION = 4.2;
				TARGETED_DEVICE_FAMILY = "1,2";
				TEST_TARGET_NAME = DouughUsers;
			};
			name = Release;
		};
/* End XCBuildConfiguration section */

/* Begin XCConfigurationList section */
		8A60C3A621F5DF5600CEF6B3 /* Build configuration list for PBXProject "DouughUsers" */ = {
			isa = XCConfigurationList;
			buildConfigurations = (
				8A60C3D121F5DF5700CEF6B3 /* Debug */,
				8A60C3D221F5DF5700CEF6B3 /* Release */,
			);
			defaultConfigurationIsVisible = 0;
			defaultConfigurationName = Release;
		};
		8A60C3D321F5DF5700CEF6B3 /* Build configuration list for PBXNativeTarget "DouughUsers" */ = {
			isa = XCConfigurationList;
			buildConfigurations = (
				8A60C3D421F5DF5700CEF6B3 /* Debug */,
				8A60C3D521F5DF5700CEF6B3 /* Release */,
			);
			defaultConfigurationIsVisible = 0;
			defaultConfigurationName = Release;
		};
		8A60C3D621F5DF5700CEF6B3 /* Build configuration list for PBXNativeTarget "DouughUsersTests" */ = {
			isa = XCConfigurationList;
			buildConfigurations = (
				8A60C3D721F5DF5700CEF6B3 /* Debug */,
				8A60C3D821F5DF5700CEF6B3 /* Release */,
			);
			defaultConfigurationIsVisible = 0;
			defaultConfigurationName = Release;
		};
		8A60C3D921F5DF5700CEF6B3 /* Build configuration list for PBXNativeTarget "DouughUsersUITests" */ = {
			isa = XCConfigurationList;
			buildConfigurations = (
				8A60C3DA21F5DF5700CEF6B3 /* Debug */,
				8A60C3DB21F5DF5700CEF6B3 /* Release */,
			);
			defaultConfigurationIsVisible = 0;
			defaultConfigurationName = Release;
		};
/* End XCConfigurationList section */
	};
	rootObject = 8A60C3A321F5DF5600CEF6B3 /* Project object */;
}
